// !$*UTF8*$!
{
	archiveVersion = 1;
	classes = {
	};
	objectVersion = 56;
	objects = {

/* Begin PBXBuildFile section */
		3231C3842ADE6D8100536D3A /* TradingView.swift in Sources */ = {isa = PBXBuildFile; fileRef = 3231C3832ADE6D8100536D3A /* TradingView.swift */; };
		3231C3872ADE6F3500536D3A /* TradingDetailView.swift in Sources */ = {isa = PBXBuildFile; fileRef = 3231C3862ADE6F3500536D3A /* TradingDetailView.swift */; };
		32FD6D192ADE33C600B2748E /* NavigationPathApp.swift in Sources */ = {isa = PBXBuildFile; fileRef = 32FD6D182ADE33C600B2748E /* NavigationPathApp.swift */; };
		32FD6D1B2ADE33C600B2748E /* ContentView.swift in Sources */ = {isa = PBXBuildFile; fileRef = 32FD6D1A2ADE33C600B2748E /* ContentView.swift */; };
		32FD6D1D2ADE33C700B2748E /* Assets.xcassets in Resources */ = {isa = PBXBuildFile; fileRef = 32FD6D1C2ADE33C700B2748E /* Assets.xcassets */; };
		32FD6D202ADE33C700B2748E /* Preview Assets.xcassets in Resources */ = {isa = PBXBuildFile; fileRef = 32FD6D1F2ADE33C700B2748E /* Preview Assets.xcassets */; };
		32FD6D272ADE362000B2748E /* HomeView.swift in Sources */ = {isa = PBXBuildFile; fileRef = 32FD6D262ADE362000B2748E /* HomeView.swift */; };
		32FD6D292ADE3C8400B2748E /* FirstView.swift in Sources */ = {isa = PBXBuildFile; fileRef = 32FD6D282ADE3C8400B2748E /* FirstView.swift */; };
		32FD6D2B2ADE3CC000B2748E /* SecondView.swift in Sources */ = {isa = PBXBuildFile; fileRef = 32FD6D2A2ADE3CC000B2748E /* SecondView.swift */; };
/* End PBXBuildFile section */

/* Begin PBXFileReference section */
		3231C3832ADE6D8100536D3A /* TradingView.swift */ = {isa = PBXFileReference; lastKnownFileType = sourcecode.swift; path = TradingView.swift; sourceTree = "<group>"; };
		3231C3862ADE6F3500536D3A /* TradingDetailView.swift */ = {isa = PBXFileReference; lastKnownFileType = sourcecode.swift; path = TradingDetailView.swift; sourceTree = "<group>"; };
		32FD6D152ADE33C600B2748E /* NavigationPath.app */ = {isa = PBXFileReference; explicitFileType = wrapper.application; includeInIndex = 0; path = NavigationPath.app; sourceTree = BUILT_PRODUCTS_DIR; };
		32FD6D182ADE33C600B2748E /* NavigationPathApp.swift */ = {isa = PBXFileReference; lastKnownFileType = sourcecode.swift; path = NavigationPathApp.swift; sourceTree = "<group>"; };
		32FD6D1A2ADE33C600B2748E /* ContentView.swift */ = {isa = PBXFileReference; lastKnownFileType = sourcecode.swift; path = ContentView.swift; sourceTree = "<group>"; };
		32FD6D1C2ADE33C700B2748E /* Assets.xcassets */ = {isa = PBXFileReference; lastKnownFileType = folder.assetcatalog; path = Assets.xcassets; sourceTree = "<group>"; };
		32FD6D1F2ADE33C700B2748E /* Preview Assets.xcassets */ = {isa = PBXFileReference; lastKnownFileType = folder.assetcatalog; path = "Preview Assets.xcassets"; sourceTree = "<group>"; };
		32FD6D262ADE362000B2748E /* HomeView.swift */ = {isa = PBXFileReference; lastKnownFileType = sourcecode.swift; path = HomeView.swift; sourceTree = "<group>"; };
		32FD6D282ADE3C8400B2748E /* FirstView.swift */ = {isa = PBXFileReference; lastKnownFileType = sourcecode.swift; path = FirstView.swift; sourceTree = "<group>"; };
		32FD6D2A2ADE3CC000B2748E /* SecondView.swift */ = {isa = PBXFileReference; lastKnownFileType = sourcecode.swift; path = SecondView.swift; sourceTree = "<group>"; };
/* End PBXFileReference section */

/* Begin PBXFrameworksBuildPhase section */
		32FD6D122ADE33C600B2748E /* Frameworks */ = {
			isa = PBXFrameworksBuildPhase;
			buildActionMask = 2147483647;
			files = (
			);
			runOnlyForDeploymentPostprocessing = 0;
		};
/* End PBXFrameworksBuildPhase section */

/* Begin PBXGroup section */
		3231C3822ADE6D4F00536D3A /* Home */ = {
			isa = PBXGroup;
			children = (
				32FD6D262ADE362000B2748E /* HomeView.swift */,
				32FD6D282ADE3C8400B2748E /* FirstView.swift */,
				32FD6D2A2ADE3CC000B2748E /* SecondView.swift */,
			);
			path = Home;
			sourceTree = "<group>";
		};
		3231C3852ADE6F0400536D3A /* Trading */ = {
			isa = PBXGroup;
			children = (
				3231C3832ADE6D8100536D3A /* TradingView.swift */,
				3231C3862ADE6F3500536D3A /* TradingDetailView.swift */,
			);
			path = Trading;
			sourceTree = "<group>";
		};
		32FD6D0C2ADE33C600B2748E = {
			isa = PBXGroup;
			children = (
				32FD6D172ADE33C600B2748E /* NavigationPath */,
				32FD6D162ADE33C600B2748E /* Products */,
			);
			sourceTree = "<group>";
		};
		32FD6D162ADE33C600B2748E /* Products */ = {
			isa = PBXGroup;
			children = (
				32FD6D152ADE33C600B2748E /* NavigationPath.app */,
			);
			name = Products;
			sourceTree = "<group>";
		};
		32FD6D172ADE33C600B2748E /* NavigationPath */ = {
			isa = PBXGroup;
			children = (
				32FD6D182ADE33C600B2748E /* NavigationPathApp.swift */,
				32FD6D2C2ADE3F8E00B2748E /* Scene */,
				32FD6D1C2ADE33C700B2748E /* Assets.xcassets */,
				32FD6D1E2ADE33C700B2748E /* Preview Content */,
			);
			path = NavigationPath;
			sourceTree = "<group>";
		};
		32FD6D1E2ADE33C700B2748E /* Preview Content */ = {
			isa = PBXGroup;
			children = (
				32FD6D1F2ADE33C700B2748E /* Preview Assets.xcassets */,
			);
			path = "Preview Content";
			sourceTree = "<group>";
		};
		32FD6D2C2ADE3F8E00B2748E /* Scene */ = {
			isa = PBXGroup;
			children = (
				32FD6D1A2ADE33C600B2748E /* ContentView.swift */,
				3231C3822ADE6D4F00536D3A /* Home */,
				3231C3852ADE6F0400536D3A /* Trading */,
			);
			path = Scene;
			sourceTree = "<group>";
		};
/* End PBXGroup section */

/* Begin PBXNativeTarget section */
		32FD6D142ADE33C600B2748E /* NavigationPath */ = {
			isa = PBXNativeTarget;
			buildConfigurationList = 32FD6D232ADE33C700B2748E /* Build configuration list for PBXNativeTarget "NavigationPath" */;
			buildPhases = (
				32FD6D112ADE33C600B2748E /* Sources */,
				32FD6D122ADE33C600B2748E /* Frameworks */,
				32FD6D132ADE33C600B2748E /* Resources */,
			);
			buildRules = (
			);
			dependencies = (
			);
			name = NavigationPath;
			productName = NavigationPath;
			productReference = 32FD6D152ADE33C600B2748E /* NavigationPath.app */;
			productType = "com.apple.product-type.application";
		};
/* End PBXNativeTarget section */

/* Begin PBXProject section */
		32FD6D0D2ADE33C600B2748E /* Project object */ = {
			isa = PBXProject;
			attributes = {
				BuildIndependentTargetsInParallel = 1;
				LastSwiftUpdateCheck = 1430;
				LastUpgradeCheck = 1430;
				TargetAttributes = {
					32FD6D142ADE33C600B2748E = {
						CreatedOnToolsVersion = 14.3.1;
					};
				};
			};
			buildConfigurationList = 32FD6D102ADE33C600B2748E /* Build configuration list for PBXProject "NavigationPath" */;
			compatibilityVersion = "Xcode 14.0";
			developmentRegion = en;
			hasScannedForEncodings = 0;
			knownRegions = (
				en,
				Base,
			);
			mainGroup = 32FD6D0C2ADE33C600B2748E;
			productRefGroup = 32FD6D162ADE33C600B2748E /* Products */;
			projectDirPath = "";
			projectRoot = "";
			targets = (
				32FD6D142ADE33C600B2748E /* NavigationPath */,
			);
		};
/* End PBXProject section */

/* Begin PBXResourcesBuildPhase section */
		32FD6D132ADE33C600B2748E /* Resources */ = {
			isa = PBXResourcesBuildPhase;
			buildActionMask = 2147483647;
			files = (
				32FD6D202ADE33C700B2748E /* Preview Assets.xcassets in Resources */,
				32FD6D1D2ADE33C700B2748E /* Assets.xcassets in Resources */,
			);
			runOnlyForDeploymentPostprocessing = 0;
		};
/* End PBXResourcesBuildPhase section */

/* Begin PBXSourcesBuildPhase section */
		32FD6D112ADE33C600B2748E /* Sources */ = {
			isa = PBXSourcesBuildPhase;
			buildActionMask = 2147483647;
			files = (
				32FD6D272ADE362000B2748E /* HomeView.swift in Sources */,
				32FD6D2B2ADE3CC000B2748E /* SecondView.swift in Sources */,
				3231C3872ADE6F3500536D3A /* TradingDetailView.swift in Sources */,
				32FD6D292ADE3C8400B2748E /* FirstView.swift in Sources */,
				32FD6D1B2ADE33C600B2748E /* ContentView.swift in Sources */,
				3231C3842ADE6D8100536D3A /* TradingView.swift in Sources */,
				32FD6D192ADE33C600B2748E /* NavigationPathApp.swift in Sources */,
			);
			runOnlyForDeploymentPostprocessing = 0;
		};
/* End PBXSourcesBuildPhase section */

/* Begin XCBuildConfiguration section */
		32FD6D212ADE33C700B2748E /* Debug */ = {
			isa = XCBuildConfiguration;
			buildSettings = {
				ALWAYS_SEARCH_USER_PATHS = NO;
				CLANG_ANALYZER_NONNULL = YES;
				CLANG_ANALYZER_NUMBER_OBJECT_CONVERSION = YES_AGGRESSIVE;
				CLANG_CXX_LANGUAGE_STANDARD = "gnu++20";
				CLANG_ENABLE_MODULES = YES;
				CLANG_ENABLE_OBJC_ARC = YES;
				CLANG_ENABLE_OBJC_WEAK = YES;
				CLANG_WARN_BLOCK_CAPTURE_AUTORELEASING = YES;
				CLANG_WARN_BOOL_CONVERSION = YES;
				CLANG_WARN_COMMA = YES;
				CLANG_WARN_CONSTANT_CONVERSION = YES;
				CLANG_WARN_DEPRECATED_OBJC_IMPLEMENTATIONS = YES;
				CLANG_WARN_DIRECT_OBJC_ISA_USAGE = YES_ERROR;
				CLANG_WARN_DOCUMENTATION_COMMENTS = YES;
				CLANG_WARN_EMPTY_BODY = YES;
				CLANG_WARN_ENUM_CONVERSION = YES;
				CLANG_WARN_INFINITE_RECURSION = YES;
				CLANG_WARN_INT_CONVERSION = YES;
				CLANG_WARN_NON_LITERAL_NULL_CONVERSION = YES;
				CLANG_WARN_OBJC_IMPLICIT_RETAIN_SELF = YES;
				CLANG_WARN_OBJC_LITERAL_CONVERSION = YES;
				CLANG_WARN_OBJC_ROOT_CLASS = YES_ERROR;
				CLANG_WARN_QUOTED_INCLUDE_IN_FRAMEWORK_HEADER = YES;
				CLANG_WARN_RANGE_LOOP_ANALYSIS = YES;
				CLANG_WARN_STRICT_PROTOTYPES = YES;
				CLANG_WARN_SUSPICIOUS_MOVE = YES;
				CLANG_WARN_UNGUARDED_AVAILABILITY = YES_AGGRESSIVE;
				CLANG_WARN_UNREACHABLE_CODE = YES;
				CLANG_WARN__DUPLICATE_METHOD_MATCH = YES;
				COPY_PHASE_STRIP = NO;
				DEBUG_INFORMATION_FORMAT = dwarf;
				ENABLE_STRICT_OBJC_MSGSEND = YES;
				ENABLE_TESTABILITY = YES;
				GCC_C_LANGUAGE_STANDARD = gnu11;
				GCC_DYNAMIC_NO_PIC = NO;
				GCC_NO_COMMON_BLOCKS = YES;
				GCC_OPTIMIZATION_LEVEL = 0;
				GCC_PREPROCESSOR_DEFINITIONS = (
					"DEBUG=1",
					"$(inherited)",
				);
				GCC_WARN_64_TO_32_BIT_CONVERSION = YES;
				GCC_WARN_ABOUT_RETURN_TYPE = YES_ERROR;
				GCC_WARN_UNDECLARED_SELECTOR = YES;
				GCC_WARN_UNINITIALIZED_AUTOS = YES_AGGRESSIVE;
				GCC_WARN_UNUSED_FUNCTION = YES;
				GCC_WARN_UNUSED_VARIABLE = YES;
				IPHONEOS_DEPLOYMENT_TARGET = 16.4;
				MTL_ENABLE_DEBUG_INFO = INCLUDE_SOURCE;
				MTL_FAST_MATH = YES;
				ONLY_ACTIVE_ARCH = YES;
				SDKROOT = iphoneos;
				SWIFT_ACTIVE_COMPILATION_CONDITIONS = DEBUG;
				SWIFT_OPTIMIZATION_LEVEL = "-Onone";
			};
			name = Debug;
		};
		32FD6D222ADE33C700B2748E /* Release */ = {
			isa = XCBuildConfiguration;
			buildSettings = {
				ALWAYS_SEARCH_USER_PATHS = NO;
				CLANG_ANALYZER_NONNULL = YES;
				CLANG_ANALYZER_NUMBER_OBJECT_CONVERSION = YES_AGGRESSIVE;
				CLANG_CXX_LANGUAGE_STANDARD = "gnu++20";
				CLANG_ENABLE_MODULES = YES;
				CLANG_ENABLE_OBJC_ARC = YES;
				CLANG_ENABLE_OBJC_WEAK = YES;
				CLANG_WARN_BLOCK_CAPTURE_AUTORELEASING = YES;
				CLANG_WARN_BOOL_CONVERSION = YES;
				CLANG_WARN_COMMA = YES;
				CLANG_WARN_CONSTANT_CONVERSION = YES;
				CLANG_WARN_DEPRECATED_OBJC_IMPLEMENTATIONS = YES;
				CLANG_WARN_DIRECT_OBJC_ISA_USAGE = YES_ERROR;
				CLANG_WARN_DOCUMENTATION_COMMENTS = YES;
				CLANG_WARN_EMPTY_BODY = YES;
				CLANG_WARN_ENUM_CONVERSION = YES;
				CLANG_WARN_INFINITE_RECURSION = YES;
				CLANG_WARN_INT_CONVERSION = YES;
				CLANG_WARN_NON_LITERAL_NULL_CONVERSION = YES;
				CLANG_WARN_OBJC_IMPLICIT_RETAIN_SELF = YES;
				CLANG_WARN_OBJC_LITERAL_CONVERSION = YES;
				CLANG_WARN_OBJC_ROOT_CLASS = YES_ERROR;
				CLANG_WARN_QUOTED_INCLUDE_IN_FRAMEWORK_HEADER = YES;
				CLANG_WARN_RANGE_LOOP_ANALYSIS = YES;
				CLANG_WARN_STRICT_PROTOTYPES = YES;
				CLANG_WARN_SUSPICIOUS_MOVE = YES;
				CLANG_WARN_UNGUARDED_AVAILABILITY = YES_AGGRESSIVE;
				CLANG_WARN_UNREACHABLE_CODE = YES;
				CLANG_WARN__DUPLICATE_METHOD_MATCH = YES;
				COPY_PHASE_STRIP = NO;
				DEBUG_INFORMATION_FORMAT = "dwarf-with-dsym";
				ENABLE_NS_ASSERTIONS = NO;
				ENABLE_STRICT_OBJC_MSGSEND = YES;
				GCC_C_LANGUAGE_STANDARD = gnu11;
				GCC_NO_COMMON_BLOCKS = YES;
				GCC_WARN_64_TO_32_BIT_CONVERSION = YES;
				GCC_WARN_ABOUT_RETURN_TYPE = YES_ERROR;
				GCC_WARN_UNDECLARED_SELECTOR = YES;
				GCC_WARN_UNINITIALIZED_AUTOS = YES_AGGRESSIVE;
				GCC_WARN_UNUSED_FUNCTION = YES;
				GCC_WARN_UNUSED_VARIABLE = YES;
				IPHONEOS_DEPLOYMENT_TARGET = 16.4;
				MTL_ENABLE_DEBUG_INFO = NO;
				MTL_FAST_MATH = YES;
				SDKROOT = iphoneos;
				SWIFT_COMPILATION_MODE = wholemodule;
				SWIFT_OPTIMIZATION_LEVEL = "-O";
				VALIDATE_PRODUCT = YES;
			};
			name = Release;
		};
		32FD6D242ADE33C700B2748E /* Debug */ = {
			isa = XCBuildConfiguration;
			buildSettings = {
				ASSETCATALOG_COMPILER_APPICON_NAME = AppIcon;
				ASSETCATALOG_COMPILER_GLOBAL_ACCENT_COLOR_NAME = AccentColor;
				CODE_SIGN_STYLE = Automatic;
				CURRENT_PROJECT_VERSION = 1;
				DEVELOPMENT_ASSET_PATHS = "\"NavigationPath/Preview Content\"";
				DEVELOPMENT_TEAM = HDFLLXK789;
				ENABLE_PREVIEWS = YES;
				GENERATE_INFOPLIST_FILE = YES;
				INFOPLIST_KEY_UIApplicationSceneManifest_Generation = YES;
				INFOPLIST_KEY_UIApplicationSupportsIndirectInputEvents = YES;
				INFOPLIST_KEY_UILaunchScreen_Generation = YES;
				INFOPLIST_KEY_UISupportedInterfaceOrientations_iPad = "UIInterfaceOrientationPortrait UIInterfaceOrientationPortraitUpsideDown UIInterfaceOrientationLandscapeLeft UIInterfaceOrientationLandscapeRight";
				INFOPLIST_KEY_UISupportedInterfaceOrientations_iPhone = "UIInterfaceOrientationPortrait UIInterfaceOrientationLandscapeLeft UIInterfaceOrientationLandscapeRight";
				LD_RUNPATH_SEARCH_PATHS = (
					"$(inherited)",
					"@executable_path/Frameworks",
				);
				MARKETING_VERSION = 1.0;
				PRODUCT_BUNDLE_IDENTIFIER = com.ycompany.NavigationPath;
				PRODUCT_NAME = "$(TARGET_NAME)";
				SWIFT_EMIT_LOC_STRINGS = YES;
				SWIFT_VERSION = 5.0;
				TARGETED_DEVICE_FAMILY = "1,2";
			};
			name = Debug;
		};
		32FD6D252ADE33C700B2748E /* Release */ = {
			isa = XCBuildConfiguration;
			buildSettings = {
				ASSETCATALOG_COMPILER_APPICON_NAME = AppIcon;
				ASSETCATALOG_COMPILER_GLOBAL_ACCENT_COLOR_NAME = AccentColor;
				CODE_SIGN_STYLE = Automatic;
				CURRENT_PROJECT_VERSION = 1;
				DEVELOPMENT_ASSET_PATHS = "\"NavigationPath/Preview Content\"";
				DEVELOPMENT_TEAM = HDFLLXK789;
				ENABLE_PREVIEWS = YES;
				GENERATE_INFOPLIST_FILE = YES;
				INFOPLIST_KEY_UIApplicationSceneManifest_Generation = YES;
				INFOPLIST_KEY_UIApplicationSupportsIndirectInputEvents = YES;
				INFOPLIST_KEY_UILaunchScreen_Generation = YES;
				INFOPLIST_KEY_UISupportedInterfaceOrientations_iPad = "UIInterfaceOrientationPortrait UIInterfaceOrientationPortraitUpsideDown UIInterfaceOrientationLandscapeLeft UIInterfaceOrientationLandscapeRight";
				INFOPLIST_KEY_UISupportedInterfaceOrientations_iPhone = "UIInterfaceOrientationPortrait UIInterfaceOrientationLandscapeLeft UIInterfaceOrientationLandscapeRight";
				LD_RUNPATH_SEARCH_PATHS = (
					"$(inherited)",
					"@executable_path/Frameworks",
				);
				MARKETING_VERSION = 1.0;
				PRODUCT_BUNDLE_IDENTIFIER = com.ycompany.NavigationPath;
				PRODUCT_NAME = "$(TARGET_NAME)";
				SWIFT_EMIT_LOC_STRINGS = YES;
				SWIFT_VERSION = 5.0;
				TARGETED_DEVICE_FAMILY = "1,2";
			};
			name = Release;
		};
/* End XCBuildConfiguration section */

/* Begin XCConfigurationList section */
		32FD6D102ADE33C600B2748E /* Build configuration list for PBXProject "NavigationPath" */ = {
			isa = XCConfigurationList;
			buildConfigurations = (
				32FD6D212ADE33C700B2748E /* Debug */,
				32FD6D222ADE33C700B2748E /* Release */,
			);
			defaultConfigurationIsVisible = 0;
			defaultConfigurationName = Release;
		};
		32FD6D232ADE33C700B2748E /* Build configuration list for PBXNativeTarget "NavigationPath" */ = {
			isa = XCConfigurationList;
			buildConfigurations = (
				32FD6D242ADE33C700B2748E /* Debug */,
				32FD6D252ADE33C700B2748E /* Release */,
			);
			defaultConfigurationIsVisible = 0;
			defaultConfigurationName = Release;
		};
/* End XCConfigurationList section */
	};
	rootObject = 32FD6D0D2ADE33C600B2748E /* Project object */;
}
